
Microsoft Visual Studio Solution File, Format Version 12.00
# Visual Studio 15
VisualStudioVersion = 15.0.28307.852
MinimumVisualStudioVersion = 10.0.40219.1
Project("{8BC9CEB8-8B4A-11D0-8D11-00A0C91BC942}") = "Notepad++", "notepadPlus.vcxproj", "{FCF60E65-1B78-4D1D-AB59-4FC00AC8C248}"
	ProjectSection(ProjectDependencies) = postProject
		{FBE04237-9C7B-4973-9C60-505975998B39} = {FBE04237-9C7B-4973-9C60-505975998B39}
	EndProjectSection
EndProject
Project("{8BC9CEB8-8B4A-11D0-8D11-00A0C91BC942}") = "libSciLexer", "..\..\scintilla\win32\SciLexer.vcxproj", "{FBE04237-9C7B-4973-9C60-505975998B39}"
EndProject
Global
	GlobalSection(SolutionConfigurationPlatforms) = preSolution
		Unicode Debug|ARM64 = Unicode Debug|ARM64
		Unicode Debug|Win32 = Unicode Debug|Win32
		Unicode Debug|x64 = Unicode Debug|x64
		Unicode Release|ARM64 = Unicode Release|ARM64
		Unicode Release|Win32 = Unicode Release|Win32
		Unicode Release|x64 = Unicode Release|x64
	EndGlobalSection
	GlobalSection(ProjectConfigurationPlatforms) = postSolution
		{FCF60E65-1B78-4D1D-AB59-4FC00AC8C248}.Unicode Debug|ARM64.ActiveCfg = Unicode Debug|ARM64
		{FCF60E65-1B78-4D1D-AB59-4FC00AC8C248}.Unicode Debug|ARM64.Build.0 = Unicode Debug|ARM64
		{FCF60E65-1B78-4D1D-AB59-4FC00AC8C248}.Unicode Debug|Win32.ActiveCfg = Unicode Debug|Win32
		{FCF60E65-1B78-4D1D-AB59-4FC00AC8C248}.Unicode Debug|Win32.Build.0 = Unicode Debug|Win32
		{FCF60E65-1B78-4D1D-AB59-4FC00AC8C248}.Unicode Debug|x64.ActiveCfg = Unicode Debug|x64
		{FCF60E65-1B78-4D1D-AB59-4FC00AC8C248}.Unicode Debug|x64.Build.0 = Unicode Debug|x64
		{FCF60E65-1B78-4D1D-AB59-4FC00AC8C248}.Unicode Release|ARM64.ActiveCfg = Unicode Release|ARM64
		{FCF60E65-1B78-4D1D-AB59-4FC00AC8C248}.Unicode Release|ARM64.Build.0 = Unicode Release|ARM64
		{FCF60E65-1B78-4D1D-AB59-4FC00AC8C248}.Unicode Release|Win32.ActiveCfg = Unicode Release|Win32
		{FCF60E65-1B78-4D1D-AB59-4FC00AC8C248}.Unicode Release|Win32.Build.0 = Unicode Release|Win32
		{FCF60E65-1B78-4D1D-AB59-4FC00AC8C248}.Unicode Release|x64.ActiveCfg = Unicode Release|x64
		{FCF60E65-1B78-4D1D-AB59-4FC00AC8C248}.Unicode Release|x64.Build.0 = Unicode Release|x64
		{FBE04237-9C7B-4973-9C60-505975998B39}.Unicode Debug|ARM64.ActiveCfg = Unicode Debug|ARM64
		{FBE04237-9C7B-4973-9C60-505975998B39}.Unicode Debug|ARM64.Build.0 = Unicode Debug|ARM64
		{FBE04237-9C7B-4973-9C60-505975998B39}.Unicode Debug|Win32.ActiveCfg = Unicode Debug|Win32
		{FBE04237-9C7B-4973-9C60-505975998B39}.Unicode Debug|Win32.Build.0 = Unicode Debug|Win32
		{FBE04237-9C7B-4973-9C60-505975998B39}.Unicode Debug|x64.ActiveCfg = Unicode Debug|x64
		{FBE04237-9C7B-4973-9C60-505975998B39}.Unicode Debug|x64.Build.0 = Unicode Debug|x64
		{FBE04237-9C7B-4973-9C60-505975998B39}.Unicode Release|ARM64.ActiveCfg = Unicode Release|ARM64
		{FBE04237-9C7B-4973-9C60-505975998B39}.Unicode Release|ARM64.Build.0 = Unicode Release|ARM64
		{FBE04237-9C7B-4973-9C60-505975998B39}.Unicode Release|Win32.ActiveCfg = Unicode Release|Win32
		{FBE04237-9C7B-4973-9C60-505975998B39}.Unicode Release|Win32.Build.0 = Unicode Release|Win32
		{FBE04237-9C7B-4973-9C60-505975998B39}.Unicode Release|x64.ActiveCfg = Unicode Release|x64
		{FBE04237-9C7B-4973-9C60-505975998B39}.Unicode Release|x64.Build.0 = Unicode Release|x64
	EndGlobalSection
	GlobalSection(SolutionProperties) = preSolution
		HideSolutionNode = FALSE
	EndGlobalSection
	GlobalSection(ExtensibilityGlobals) = postSolution
		SolutionGuid = {099D56D9-DBDD-43AF-AC8C-F27D522868D0}
	EndGlobalSection
EndGlobal
