<?xml version="1.0" encoding="utf-8"?>
<Project ToolsVersion="4.0" xmlns="http://schemas.microsoft.com/developer/msbuild/2003">
  <ItemGroup>
    <Filter Include="CommandHandlers">
      <UniqueIdentifier>{ff31b0d8-bf03-4a28-945d-cfae6eb365fa}</UniqueIdentifier>
    </Filter>
    <Filter Include="Factories">
      <UniqueIdentifier>{3ce00d49-8c93-43bf-8d92-00c9b7087776}</UniqueIdentifier>
    </Filter>
    <Filter Include="Installer">
      <UniqueIdentifier>{ca898efe-24d8-4317-99c9-769e8e80c3aa}</UniqueIdentifier>
    </Filter>
  </ItemGroup>
  <ItemGroup>
    <ClInclude Include="EditWithNppExplorerCommandHandler.h">
      <Filter>CommandHandlers</Filter>
    </ClInclude>
    <ClInclude Include="ExplorerCommandBase.h">
      <Filter>CommandHandlers</Filter>
    </ClInclude>
    <ClInclude Include="Installer.h">
      <Filter>Installer</Filter>
    </ClInclude>
    <ClInclude Include="CommandHandlerFactory.h">
      <Filter>Factories</Filter>
    </ClInclude>
    <ClInclude Include="pch.h" />
    <ClInclude Include="Helpers.h" />
    <ClInclude Include="framework.h" />
  </ItemGroup>
  <ItemGroup>
    <ClCompile Include="EditWithNppExplorerCommandHandler.cpp">
      <Filter>CommandHandlers</Filter>
    </ClCompile>
    <ClCompile Include="ExplorerCommandBase.cpp">
      <Filter>CommandHandlers</Filter>
    </ClCompile>
    <ClCompile Include="Installer.cpp">
      <Filter>Installer</Filter>
    </ClCompile>
    <ClCompile Include="dllmain.cpp" />
    <ClCompile Include="Helpers.cpp" />
    <ClCompile Include="pch.cpp" />
    <ClCompile Include="CommandHandlerFactory.cpp">
      <Filter>Factories</Filter>
    </ClCompile>
  </ItemGroup>
  <ItemGroup>
    <None Include="packages.config" />
    <None Include="source.def" />
  </ItemGroup>
  <ItemGroup>
    <Natvis Include="$(MSBuildThisFileDirectory)..\..\natvis\wil.natvis" />
  </ItemGroup>
</Project>